
Microsoft Visual Studio Solution File, Format Version 12.00
# Visual Studio 15
VisualStudioVersion = 15.0.28307.489
MinimumVisualStudioVersion = 10.0.40219.1
Project("{FAE04EC0-301F-11D3-BF4B-00C04F79EFBC}") = "ForAlena", "ForAlena\ForAlena.csproj", "{DFD92D43-5975-4031-A384-3FF9BE8EA11B}"
EndProject
Project("{FAE04EC0-301F-11D3-BF4B-00C04F79EFBC}") = "ForAlenaDAL", "ForAlenaDAL\ForAlenaDAL.csproj", "{41E44BD9-95E3-45FE-B6DC-5CFDDB5121CE}"
EndProject
Global
	GlobalSection(SolutionConfigurationPlatforms) = preSolution
		Debug|Any CPU = Debug|Any CPU
		Release|Any CPU = Release|Any CPU
	EndGlobalSection
	GlobalSection(ProjectConfigurationPlatforms) = postSolution
		{DFD92D43-5975-4031-A384-3FF9BE8EA11B}.Debug|Any CPU.ActiveCfg = Debug|Any CPU
		{DFD92D43-5975-4031-A384-3FF9BE8EA11B}.Debug|Any CPU.Build.0 = Debug|Any CPU
		{DFD92D43-5975-4031-A384-3FF9BE8EA11B}.Release|Any CPU.ActiveCfg = Release|Any CPU
		{DFD92D43-5975-4031-A384-3FF9BE8EA11B}.Release|Any CPU.Build.0 = Release|Any CPU
		{41E44BD9-95E3-45FE-B6DC-5CFDDB5121CE}.Debug|Any CPU.ActiveCfg = Debug|Any CPU
		{41E44BD9-95E3-45FE-B6DC-5CFDDB5121CE}.Debug|Any CPU.Build.0 = Debug|Any CPU
		{41E44BD9-95E3-45FE-B6DC-5CFDDB5121CE}.Release|Any CPU.ActiveCfg = Release|Any CPU
		{41E44BD9-95E3-45FE-B6DC-5CFDDB5121CE}.Release|Any CPU.Build.0 = Release|Any CPU
	EndGlobalSection
	GlobalSection(SolutionProperties) = preSolution
		HideSolutionNode = FALSE
	EndGlobalSection
	GlobalSection(ExtensibilityGlobals) = postSolution
		SolutionGuid = {43402B6B-3B8D-4581-A475-B2BE720181EF}
	EndGlobalSection
EndGlobal
